
Microsoft Visual Studio Solution File, Format Version 12.00
# Visual Studio 15
VisualStudioVersion = 15.0.28010.2048
MinimumVisualStudioVersion = 10.0.40219.1
Project("{FAE04EC0-301F-11D3-BF4B-00C04F79EFBC}") = "PlanSupply", "PlanSupply\PlanSupply.csproj", "{273E256F-1B33-42BA-93B5-22BA4D6A5D50}"
EndProject
Global
	GlobalSection(SolutionConfigurationPlatforms) = preSolution
		Debug|Any CPU = Debug|Any CPU
		Release|Any CPU = Release|Any CPU
	EndGlobalSection
	GlobalSection(ProjectConfigurationPlatforms) = postSolution
		{273E256F-1B33-42BA-93B5-22BA4D6A5D50}.Debug|Any CPU.ActiveCfg = Debug|Any CPU
		{273E256F-1B33-42BA-93B5-22BA4D6A5D50}.Debug|Any CPU.Build.0 = Debug|Any CPU
		{273E256F-1B33-42BA-93B5-22BA4D6A5D50}.Release|Any CPU.ActiveCfg = Release|Any CPU
		{273E256F-1B33-42BA-93B5-22BA4D6A5D50}.Release|Any CPU.Build.0 = Release|Any CPU
	EndGlobalSection
	GlobalSection(SolutionProperties) = preSolution
		HideSolutionNode = FALSE
	EndGlobalSection
	GlobalSection(ExtensibilityGlobals) = postSolution
		SolutionGuid = {B1A5AE2D-C22A-4178-9F9C-3E536EC8FDEA}
	EndGlobalSection
EndGlobal
